// !$*UTF8*$!
{
	archiveVersion = 1;
	classes = {
	};
	objectVersion = 50;
	objects = {

/* Begin PBXBuildFile section */
		C7414EE12547803800012245 /* AppDelegate.swift in Sources */ = {isa = PBXBuildFile; fileRef = C7414EE02547803800012245 /* AppDelegate.swift */; };
		C7414EE52547803800012245 /* MainViewController.swift in Sources */ = {isa = PBXBuildFile; fileRef = C7414EE42547803800012245 /* MainViewController.swift */; };
		C7414EE82547803800012245 /* Main.storyboard in Resources */ = {isa = PBXBuildFile; fileRef = C7414EE62547803800012245 /* Main.storyboard */; };
		C7414EEA2547803A00012245 /* Assets.xcassets in Resources */ = {isa = PBXBuildFile; fileRef = C7414EE92547803A00012245 /* Assets.xcassets */; };
		C7414EED2547803A00012245 /* LaunchScreen.storyboard in Resources */ = {isa = PBXBuildFile; fileRef = C7414EEB2547803A00012245 /* LaunchScreen.storyboard */; };
		C7414EF72547826000012245 /* ResultTableViewController.swift in Sources */ = {isa = PBXBuildFile; fileRef = C7414EF62547826000012245 /* ResultTableViewController.swift */; };
		C7414EFC2547829F00012245 /* NetworkManager.swift in Sources */ = {isa = PBXBuildFile; fileRef = C7414EFB2547829F00012245 /* NetworkManager.swift */; };
		C7A4335625480A6F0019EFD8 /* Result.swift in Sources */ = {isa = PBXBuildFile; fileRef = C7A4335525480A6F0019EFD8 /* Result.swift */; };
		C7A4335925483C4F0019EFD8 /* ResultTableViewCell.swift in Sources */ = {isa = PBXBuildFile; fileRef = C7A4335825483C4F0019EFD8 /* ResultTableViewCell.swift */; };
/* End PBXBuildFile section */

/* Begin PBXFileReference section */
		C7414EDD2547803800012245 /* GitDownload.app */ = {isa = PBXFileReference; explicitFileType = wrapper.application; includeInIndex = 0; path = GitDownload.app; sourceTree = BUILT_PRODUCTS_DIR; };
		C7414EE02547803800012245 /* AppDelegate.swift */ = {isa = PBXFileReference; lastKnownFileType = sourcecode.swift; path = AppDelegate.swift; sourceTree = "<group>"; };
		C7414EE42547803800012245 /* MainViewController.swift */ = {isa = PBXFileReference; lastKnownFileType = sourcecode.swift; path = MainViewController.swift; sourceTree = "<group>"; };
		C7414EE72547803800012245 /* Base */ = {isa = PBXFileReference; lastKnownFileType = file.storyboard; name = Base; path = Base.lproj/Main.storyboard; sourceTree = "<group>"; };
		C7414EE92547803A00012245 /* Assets.xcassets */ = {isa = PBXFileReference; lastKnownFileType = folder.assetcatalog; path = Assets.xcassets; sourceTree = "<group>"; };
		C7414EEC2547803A00012245 /* Base */ = {isa = PBXFileReference; lastKnownFileType = file.storyboard; name = Base; path = Base.lproj/LaunchScreen.storyboard; sourceTree = "<group>"; };
		C7414EEE2547803A00012245 /* Info.plist */ = {isa = PBXFileReference; lastKnownFileType = text.plist.xml; path = Info.plist; sourceTree = "<group>"; };
		C7414EF62547826000012245 /* ResultTableViewController.swift */ = {isa = PBXFileReference; lastKnownFileType = sourcecode.swift; path = ResultTableViewController.swift; sourceTree = "<group>"; };
		C7414EFB2547829F00012245 /* NetworkManager.swift */ = {isa = PBXFileReference; lastKnownFileType = sourcecode.swift; path = NetworkManager.swift; sourceTree = "<group>"; };
		C7A4335525480A6F0019EFD8 /* Result.swift */ = {isa = PBXFileReference; lastKnownFileType = sourcecode.swift; path = Result.swift; sourceTree = "<group>"; };
		C7A4335825483C4F0019EFD8 /* ResultTableViewCell.swift */ = {isa = PBXFileReference; lastKnownFileType = sourcecode.swift; path = ResultTableViewCell.swift; sourceTree = "<group>"; };
/* End PBXFileReference section */

/* Begin PBXFrameworksBuildPhase section */
		C7414EDA2547803700012245 /* Frameworks */ = {
			isa = PBXFrameworksBuildPhase;
			buildActionMask = 2147483647;
			files = (
			);
			runOnlyForDeploymentPostprocessing = 0;
		};
/* End PBXFrameworksBuildPhase section */

/* Begin PBXGroup section */
		C7414ED42547803700012245 = {
			isa = PBXGroup;
			children = (
				C7414EDF2547803800012245 /* GitDownload */,
				C7414EDE2547803800012245 /* Products */,
			);
			sourceTree = "<group>";
		};
		C7414EDE2547803800012245 /* Products */ = {
			isa = PBXGroup;
			children = (
				C7414EDD2547803800012245 /* GitDownload.app */,
			);
			name = Products;
			sourceTree = "<group>";
		};
		C7414EDF2547803800012245 /* GitDownload */ = {
			isa = PBXGroup;
			children = (
				C7414EE02547803800012245 /* AppDelegate.swift */,
				C794C77A254857BA00CCACDC /* Storyboards */,
				C794C779254857B200CCACDC /* Cells */,
				C794C7782548579E00CCACDC /* ViewControllers */,
				C79C45892548492100F7BEE3 /* Models */,
				C7A4335425480A550019EFD8 /* Services */,
				C7414EE92547803A00012245 /* Assets.xcassets */,
				C7414EEE2547803A00012245 /* Info.plist */,
			);
			path = GitDownload;
			sourceTree = "<group>";
		};
		C794C7782548579E00CCACDC /* ViewControllers */ = {
			isa = PBXGroup;
			children = (
				C7414EE42547803800012245 /* MainViewController.swift */,
				C7414EF62547826000012245 /* ResultTableViewController.swift */,
			);
			path = ViewControllers;
			sourceTree = "<group>";
		};
		C794C779254857B200CCACDC /* Cells */ = {
			isa = PBXGroup;
			children = (
				C7A4335825483C4F0019EFD8 /* ResultTableViewCell.swift */,
			);
			path = Cells;
			sourceTree = "<group>";
		};
		C794C77A254857BA00CCACDC /* Storyboards */ = {
			isa = PBXGroup;
			children = (
				C7414EEB2547803A00012245 /* LaunchScreen.storyboard */,
				C7414EE62547803800012245 /* Main.storyboard */,
			);
			path = Storyboards;
			sourceTree = "<group>";
		};
		C79C45892548492100F7BEE3 /* Models */ = {
			isa = PBXGroup;
			children = (
				C7A4335525480A6F0019EFD8 /* Result.swift */,
			);
			path = Models;
			sourceTree = "<group>";
		};
		C7A4335425480A550019EFD8 /* Services */ = {
			isa = PBXGroup;
			children = (
				C7414EFB2547829F00012245 /* NetworkManager.swift */,
			);
			path = Services;
			sourceTree = "<group>";
		};
/* End PBXGroup section */

/* Begin PBXNativeTarget section */
		C7414EDC2547803700012245 /* GitDownload */ = {
			isa = PBXNativeTarget;
			buildConfigurationList = C7414EF12547803A00012245 /* Build configuration list for PBXNativeTarget "GitDownload" */;
			buildPhases = (
				C7414ED92547803700012245 /* Sources */,
				C7414EDA2547803700012245 /* Frameworks */,
				C7414EDB2547803700012245 /* Resources */,
			);
			buildRules = (
			);
			dependencies = (
			);
			name = GitDownload;
			productName = GitDownload;
			productReference = C7414EDD2547803800012245 /* GitDownload.app */;
			productType = "com.apple.product-type.application";
		};
/* End PBXNativeTarget section */

/* Begin PBXProject section */
		C7414ED52547803700012245 /* Project object */ = {
			isa = PBXProject;
			attributes = {
				LastSwiftUpdateCheck = 1200;
				LastUpgradeCheck = 1200;
				TargetAttributes = {
					C7414EDC2547803700012245 = {
						CreatedOnToolsVersion = 12.0.1;
					};
				};
			};
			buildConfigurationList = C7414ED82547803700012245 /* Build configuration list for PBXProject "GitDownload" */;
			compatibilityVersion = "Xcode 9.3";
			developmentRegion = en;
			hasScannedForEncodings = 0;
			knownRegions = (
				en,
				Base,
			);
			mainGroup = C7414ED42547803700012245;
			productRefGroup = C7414EDE2547803800012245 /* Products */;
			projectDirPath = "";
			projectRoot = "";
			targets = (
				C7414EDC2547803700012245 /* GitDownload */,
			);
		};
/* End PBXProject section */

/* Begin PBXResourcesBuildPhase section */
		C7414EDB2547803700012245 /* Resources */ = {
			isa = PBXResourcesBuildPhase;
			buildActionMask = 2147483647;
			files = (
				C7414EED2547803A00012245 /* LaunchScreen.storyboard in Resources */,
				C7414EEA2547803A00012245 /* Assets.xcassets in Resources */,
				C7414EE82547803800012245 /* Main.storyboard in Resources */,
			);
			runOnlyForDeploymentPostprocessing = 0;
		};
/* End PBXResourcesBuildPhase section */

/* Begin PBXSourcesBuildPhase section */
		C7414ED92547803700012245 /* Sources */ = {
			isa = PBXSourcesBuildPhase;
			buildActionMask = 2147483647;
			files = (
				C7414EFC2547829F00012245 /* NetworkManager.swift in Sources */,
				C7A4335625480A6F0019EFD8 /* Result.swift in Sources */,
				C7414EE52547803800012245 /* MainViewController.swift in Sources */,
				C7414EE12547803800012245 /* AppDelegate.swift in Sources */,
				C7A4335925483C4F0019EFD8 /* ResultTableViewCell.swift in Sources */,
				C7414EF72547826000012245 /* ResultTableViewController.swift in Sources */,
			);
			runOnlyForDeploymentPostprocessing = 0;
		};
/* End PBXSourcesBuildPhase section */

/* Begin PBXVariantGroup section */
		C7414EE62547803800012245 /* Main.storyboard */ = {
			isa = PBXVariantGroup;
			children = (
				C7414EE72547803800012245 /* Base */,
			);
			name = Main.storyboard;
			sourceTree = "<group>";
		};
		C7414EEB2547803A00012245 /* LaunchScreen.storyboard */ = {
			isa = PBXVariantGroup;
			children = (
				C7414EEC2547803A00012245 /* Base */,
			);
			name = LaunchScreen.storyboard;
			sourceTree = "<group>";
		};
/* End PBXVariantGroup section */

/* Begin XCBuildConfiguration section */
		C7414EEF2547803A00012245 /* Debug */ = {
			isa = XCBuildConfiguration;
			buildSettings = {
				ALWAYS_SEARCH_USER_PATHS = NO;
				CLANG_ANALYZER_NONNULL = YES;
				CLANG_ANALYZER_NUMBER_OBJECT_CONVERSION = YES_AGGRESSIVE;
				CLANG_CXX_LANGUAGE_STANDARD = "gnu++14";
				CLANG_CXX_LIBRARY = "libc++";
				CLANG_ENABLE_MODULES = YES;
				CLANG_ENABLE_OBJC_ARC = YES;
				CLANG_ENABLE_OBJC_WEAK = YES;
				CLANG_WARN_BLOCK_CAPTURE_AUTORELEASING = YES;
				CLANG_WARN_BOOL_CONVERSION = YES;
				CLANG_WARN_COMMA = YES;
				CLANG_WARN_CONSTANT_CONVERSION = YES;
				CLANG_WARN_DEPRECATED_OBJC_IMPLEMENTATIONS = YES;
				CLANG_WARN_DIRECT_OBJC_ISA_USAGE = YES_ERROR;
				CLANG_WARN_DOCUMENTATION_COMMENTS = YES;
				CLANG_WARN_EMPTY_BODY = YES;
				CLANG_WARN_ENUM_CONVERSION = YES;
				CLANG_WARN_INFINITE_RECURSION = YES;
				CLANG_WARN_INT_CONVERSION = YES;
				CLANG_WARN_NON_LITERAL_NULL_CONVERSION = YES;
				CLANG_WARN_OBJC_IMPLICIT_RETAIN_SELF = YES;
				CLANG_WARN_OBJC_LITERAL_CONVERSION = YES;
				CLANG_WARN_OBJC_ROOT_CLASS = YES_ERROR;
				CLANG_WARN_QUOTED_INCLUDE_IN_FRAMEWORK_HEADER = YES;
				CLANG_WARN_RANGE_LOOP_ANALYSIS = YES;
				CLANG_WARN_STRICT_PROTOTYPES = YES;
				CLANG_WARN_SUSPICIOUS_MOVE = YES;
				CLANG_WARN_UNGUARDED_AVAILABILITY = YES_AGGRESSIVE;
				CLANG_WARN_UNREACHABLE_CODE = YES;
				CLANG_WARN__DUPLICATE_METHOD_MATCH = YES;
				COPY_PHASE_STRIP = NO;
				DEBUG_INFORMATION_FORMAT = dwarf;
				ENABLE_STRICT_OBJC_MSGSEND = YES;
				ENABLE_TESTABILITY = YES;
				GCC_C_LANGUAGE_STANDARD = gnu11;
				GCC_DYNAMIC_NO_PIC = NO;
				GCC_NO_COMMON_BLOCKS = YES;
				GCC_OPTIMIZATION_LEVEL = 0;
				GCC_PREPROCESSOR_DEFINITIONS = (
					"DEBUG=1",
					"$(inherited)",
				);
				GCC_WARN_64_TO_32_BIT_CONVERSION = YES;
				GCC_WARN_ABOUT_RETURN_TYPE = YES_ERROR;
				GCC_WARN_UNDECLARED_SELECTOR = YES;
				GCC_WARN_UNINITIALIZED_AUTOS = YES_AGGRESSIVE;
				GCC_WARN_UNUSED_FUNCTION = YES;
				GCC_WARN_UNUSED_VARIABLE = YES;
				IPHONEOS_DEPLOYMENT_TARGET = 14.0;
				MTL_ENABLE_DEBUG_INFO = INCLUDE_SOURCE;
				MTL_FAST_MATH = YES;
				ONLY_ACTIVE_ARCH = YES;
				SDKROOT = iphoneos;
				SWIFT_ACTIVE_COMPILATION_CONDITIONS = DEBUG;
				SWIFT_OPTIMIZATION_LEVEL = "-Onone";
			};
			name = Debug;
		};
		C7414EF02547803A00012245 /* Release */ = {
			isa = XCBuildConfiguration;
			buildSettings = {
				ALWAYS_SEARCH_USER_PATHS = NO;
				CLANG_ANALYZER_NONNULL = YES;
				CLANG_ANALYZER_NUMBER_OBJECT_CONVERSION = YES_AGGRESSIVE;
				CLANG_CXX_LANGUAGE_STANDARD = "gnu++14";
				CLANG_CXX_LIBRARY = "libc++";
				CLANG_ENABLE_MODULES = YES;
				CLANG_ENABLE_OBJC_ARC = YES;
				CLANG_ENABLE_OBJC_WEAK = YES;
				CLANG_WARN_BLOCK_CAPTURE_AUTORELEASING = YES;
				CLANG_WARN_BOOL_CONVERSION = YES;
				CLANG_WARN_COMMA = YES;
				CLANG_WARN_CONSTANT_CONVERSION = YES;
				CLANG_WARN_DEPRECATED_OBJC_IMPLEMENTATIONS = YES;
				CLANG_WARN_DIRECT_OBJC_ISA_USAGE = YES_ERROR;
				CLANG_WARN_DOCUMENTATION_COMMENTS = YES;
				CLANG_WARN_EMPTY_BODY = YES;
				CLANG_WARN_ENUM_CONVERSION = YES;
				CLANG_WARN_INFINITE_RECURSION = YES;
				CLANG_WARN_INT_CONVERSION = YES;
				CLANG_WARN_NON_LITERAL_NULL_CONVERSION = YES;
				CLANG_WARN_OBJC_IMPLICIT_RETAIN_SELF = YES;
				CLANG_WARN_OBJC_LITERAL_CONVERSION = YES;
				CLANG_WARN_OBJC_ROOT_CLASS = YES_ERROR;
				CLANG_WARN_QUOTED_INCLUDE_IN_FRAMEWORK_HEADER = YES;
				CLANG_WARN_RANGE_LOOP_ANALYSIS = YES;
				CLANG_WARN_STRICT_PROTOTYPES = YES;
				CLANG_WARN_SUSPICIOUS_MOVE = YES;
				CLANG_WARN_UNGUARDED_AVAILABILITY = YES_AGGRESSIVE;
				CLANG_WARN_UNREACHABLE_CODE = YES;
				CLANG_WARN__DUPLICATE_METHOD_MATCH = YES;
				COPY_PHASE_STRIP = NO;
				DEBUG_INFORMATION_FORMAT = "dwarf-with-dsym";
				ENABLE_NS_ASSERTIONS = NO;
				ENABLE_STRICT_OBJC_MSGSEND = YES;
				GCC_C_LANGUAGE_STANDARD = gnu11;
				GCC_NO_COMMON_BLOCKS = YES;
				GCC_WARN_64_TO_32_BIT_CONVERSION = YES;
				GCC_WARN_ABOUT_RETURN_TYPE = YES_ERROR;
				GCC_WARN_UNDECLARED_SELECTOR = YES;
				GCC_WARN_UNINITIALIZED_AUTOS = YES_AGGRESSIVE;
				GCC_WARN_UNUSED_FUNCTION = YES;
				GCC_WARN_UNUSED_VARIABLE = YES;
				IPHONEOS_DEPLOYMENT_TARGET = 14.0;
				MTL_ENABLE_DEBUG_INFO = NO;
				MTL_FAST_MATH = YES;
				SDKROOT = iphoneos;
				SWIFT_COMPILATION_MODE = wholemodule;
				SWIFT_OPTIMIZATION_LEVEL = "-O";
				VALIDATE_PRODUCT = YES;
			};
			name = Release;
		};
		C7414EF22547803A00012245 /* Debug */ = {
			isa = XCBuildConfiguration;
			buildSettings = {
				ASSETCATALOG_COMPILER_APPICON_NAME = AppIcon;
				ASSETCATALOG_COMPILER_GLOBAL_ACCENT_COLOR_NAME = AccentColor;
				CODE_SIGN_STYLE = Automatic;
				DEVELOPMENT_TEAM = 795MV697DH;
				INFOPLIST_FILE = GitDownload/Info.plist;
				LD_RUNPATH_SEARCH_PATHS = (
					"$(inherited)",
					"@executable_path/Frameworks",
				);
				PRODUCT_BUNDLE_IDENTIFIER = sverdlova.GitDownload;
				PRODUCT_NAME = "$(TARGET_NAME)";
				SWIFT_VERSION = 5.0;
				TARGETED_DEVICE_FAMILY = "1,2";
			};
			name = Debug;
		};
		C7414EF32547803A00012245 /* Release */ = {
			isa = XCBuildConfiguration;
			buildSettings = {
				ASSETCATALOG_COMPILER_APPICON_NAME = AppIcon;
				ASSETCATALOG_COMPILER_GLOBAL_ACCENT_COLOR_NAME = AccentColor;
				CODE_SIGN_STYLE = Automatic;
				DEVELOPMENT_TEAM = 795MV697DH;
				INFOPLIST_FILE = GitDownload/Info.plist;
				LD_RUNPATH_SEARCH_PATHS = (
					"$(inherited)",
					"@executable_path/Frameworks",
				);
				PRODUCT_BUNDLE_IDENTIFIER = sverdlova.GitDownload;
				PRODUCT_NAME = "$(TARGET_NAME)";
				SWIFT_VERSION = 5.0;
				TARGETED_DEVICE_FAMILY = "1,2";
			};
			name = Release;
		};
/* End XCBuildConfiguration section */

/* Begin XCConfigurationList section */
		C7414ED82547803700012245 /* Build configuration list for PBXProject "GitDownload" */ = {
			isa = XCConfigurationList;
			buildConfigurations = (
				C7414EEF2547803A00012245 /* Debug */,
				C7414EF02547803A00012245 /* Release */,
			);
			defaultConfigurationIsVisible = 0;
			defaultConfigurationName = Release;
		};
		C7414EF12547803A00012245 /* Build configuration list for PBXNativeTarget "GitDownload" */ = {
			isa = XCConfigurationList;
			buildConfigurations = (
				C7414EF22547803A00012245 /* Debug */,
				C7414EF32547803A00012245 /* Release */,
			);
			defaultConfigurationIsVisible = 0;
			defaultConfigurationName = Release;
		};
/* End XCConfigurationList section */
	};
	rootObject = C7414ED52547803700012245 /* Project object */;
}
